# This file was autogenerated by uv via the following command:
#    uv pip compile services/tts-service/requirements.txt -o services/tts-service/requirements.lock --python-version 3.11 --universal
absl-py==2.4.0
    # via tensorboard
aiofiles==24.1.0
    # via -r services/tts-service/requirements.txt
aiohappyeyeballs==2.6.1
    # via aiohttp
aiohttp==3.13.5
    # via fsspec
aiosignal==1.4.0
    # via aiohttp
annotated-doc==0.0.4
    # via typer
annotated-types==0.7.0
    # via pydantic
anyascii==0.3.3
    # via coqui-tts
anyio==4.13.0
    # via
    #   starlette
    #   watchfiles
attrs==26.1.0
    # via aiohttp
audioop-lts==0.2.2 ; python_full_version >= '3.13'
    # via
    #   standard-aifc
    #   standard-sunau
audioread==3.1.0
    # via librosa
babel==2.18.0
    # via gruut
blis==0.7.11
    # via thinc
catalogue==2.0.10
    # via
    #   spacy
    #   srsly
    #   thinc
certifi==2026.2.25
    # via requests
cffi==2.0.0
    # via soundfile
charset-normalizer==3.4.7
    # via requests
click==8.3.2
    # via
    #   typer
    #   uvicorn
cloudpathlib==0.23.0
    # via weasel
colorama==0.4.6 ; sys_platform == 'win32'
    # via
    #   click
    #   tqdm
    #   uvicorn
    #   wasabi
confection==0.1.5
    # via
    #   thinc
    #   weasel
contourpy==1.3.3
    # via matplotlib
coqpit==0.0.17
    # via
    #   coqui-tts
    #   coqui-tts-trainer
coqui-tts==0.24.2
    # via -r services/tts-service/requirements.txt
coqui-tts-trainer==0.1.4
    # via coqui-tts
cycler==0.12.1
    # via matplotlib
cymem==2.0.13
    # via
    #   preshed
    #   spacy
    #   thinc
cython==3.2.4
    # via coqui-tts
dateparser==1.1.8
    # via gruut
decorator==5.2.1
    # via librosa
docopt==0.6.2
    # via num2words
einops==0.8.2
    # via
    #   coqui-tts
    #   encodec
encodec==0.1.1
    # via coqui-tts
fastapi==0.115.0
    # via -r services/tts-service/requirements.txt
filelock==3.25.2
    # via
    #   huggingface-hub
    #   torch
    #   transformers
    #   triton
fonttools==4.62.1
    # via matplotlib
frozenlist==1.8.0
    # via
    #   aiohttp
    #   aiosignal
fsspec==2026.3.0
    # via
    #   coqui-tts
    #   coqui-tts-trainer
    #   huggingface-hub
    #   torch
grpcio==1.80.0
    # via tensorboard
gruut==2.4.0
    # via coqui-tts
gruut-ipa==0.13.0
    # via gruut
gruut-lang-de==2.0.1
    # via gruut
gruut-lang-en==2.0.1
    # via gruut
gruut-lang-es==2.0.1
    # via gruut
gruut-lang-fr==2.0.2
    # via gruut
h11==0.16.0
    # via uvicorn
hf-xet==1.4.3 ; platform_machine == 'aarch64' or platform_machine == 'amd64' or platform_machine == 'arm64' or platform_machine == 'x86_64'
    # via huggingface-hub
httptools==0.7.1
    # via uvicorn
huggingface-hub==0.36.2
    # via
    #   tokenizers
    #   transformers
idna==3.11
    # via
    #   anyio
    #   requests
    #   yarl
inflect==7.5.0
    # via coqui-tts
jinja2==3.1.6
    # via
    #   spacy
    #   torch
joblib==1.5.3
    # via
    #   librosa
    #   scikit-learn
jsonlines==1.2.0
    # via gruut
kiwisolver==1.5.0
    # via matplotlib
langcodes==3.5.1
    # via spacy
lazy-loader==0.5
    # via librosa
librosa==0.11.0
    # via coqui-tts
llvmlite==0.47.0
    # via numba
markdown==3.10.2
    # via tensorboard
markdown-it-py==4.0.0
    # via rich
markupsafe==3.0.3
    # via
    #   jinja2
    #   werkzeug
matplotlib==3.10.8
    # via coqui-tts
mdurl==0.1.2
    # via markdown-it-py
more-itertools==11.0.2
    # via inflect
mpmath==1.3.0
    # via sympy
msgpack==1.1.2
    # via librosa
multidict==6.7.1
    # via
    #   aiohttp
    #   yarl
murmurhash==1.0.15
    # via
    #   preshed
    #   spacy
    #   thinc
networkx==3.6.1
    # via
    #   gruut
    #   torch
num2words==0.5.14
    # via
    #   coqui-tts
    #   gruut
numba==0.65.0
    # via librosa
numpy==1.26.4
    # via
    #   blis
    #   contourpy
    #   coqui-tts
    #   coqui-tts-trainer
    #   encodec
    #   gruut
    #   librosa
    #   matplotlib
    #   numba
    #   scikit-learn
    #   scipy
    #   soundfile
    #   soxr
    #   spacy
    #   tensorboard
    #   thinc
    #   transformers
nvidia-cublas-cu12==12.4.5.8 ; platform_machine == 'x86_64' and sys_platform == 'linux'
    # via
    #   nvidia-cudnn-cu12
    #   nvidia-cusolver-cu12
    #   torch
nvidia-cuda-cupti-cu12==12.4.127 ; platform_machine == 'x86_64' and sys_platform == 'linux'
    # via torch
nvidia-cuda-nvrtc-cu12==12.4.127 ; platform_machine == 'x86_64' and sys_platform == 'linux'
    # via torch
nvidia-cuda-runtime-cu12==12.4.127 ; platform_machine == 'x86_64' and sys_platform == 'linux'
    # via torch
nvidia-cudnn-cu12==9.1.0.70 ; platform_machine == 'x86_64' and sys_platform == 'linux'
    # via torch
nvidia-cufft-cu12==11.2.1.3 ; platform_machine == 'x86_64' and sys_platform == 'linux'
    # via torch
nvidia-curand-cu12==10.3.5.147 ; platform_machine == 'x86_64' and sys_platform == 'linux'
    # via torch
nvidia-cusolver-cu12==11.6.1.9 ; platform_machine == 'x86_64' and sys_platform == 'linux'
    # via torch
nvidia-cusparse-cu12==12.3.1.170 ; platform_machine == 'x86_64' and sys_platform == 'linux'
    # via
    #   nvidia-cusolver-cu12
    #   torch
nvidia-nccl-cu12==2.21.5 ; platform_machine == 'x86_64' and sys_platform == 'linux'
    # via torch
nvidia-nvjitlink-cu12==12.4.127 ; platform_machine == 'x86_64' and sys_platform == 'linux'
    # via
    #   nvidia-cufft-cu12
    #   nvidia-cusolver-cu12
    #   nvidia-cusparse-cu12
    #   torch
nvidia-nvtx-cu12==12.4.127 ; platform_machine == 'x86_64' and sys_platform == 'linux'
    # via torch
packaging==26.0
    # via
    #   coqui-tts
    #   huggingface-hub
    #   lazy-loader
    #   matplotlib
    #   pooch
    #   spacy
    #   tensorboard
    #   thinc
    #   transformers
    #   weasel
pillow==12.2.0
    # via
    #   matplotlib
    #   tensorboard
platformdirs==4.9.6
    # via pooch
pooch==1.9.0
    # via librosa
preshed==3.0.13
    # via
    #   spacy
    #   thinc
propcache==0.4.1
    # via
    #   aiohttp
    #   yarl
protobuf==7.34.1
    # via tensorboard
psutil==7.2.2
    # via coqui-tts-trainer
pycparser==3.0 ; implementation_name != 'PyPy'
    # via cffi
pydantic==2.12.5
    # via
    #   confection
    #   fastapi
    #   spacy
    #   thinc
    #   weasel
pydantic-core==2.41.5
    # via pydantic
pygments==2.20.0
    # via rich
pyparsing==3.3.2
    # via matplotlib
pysbd==0.3.4
    # via coqui-tts
python-crfsuite==0.9.12
    # via gruut
python-dateutil==2.9.0.post0
    # via
    #   dateparser
    #   matplotlib
python-dotenv==1.2.2
    # via uvicorn
python-multipart==0.0.9
    # via -r services/tts-service/requirements.txt
pytz==2026.1.post1
    # via dateparser
pyyaml==6.0.3
    # via
    #   coqui-tts
    #   huggingface-hub
    #   transformers
    #   uvicorn
regex==2026.4.4
    # via
    #   dateparser
    #   transformers
requests==2.33.1
    # via
    #   huggingface-hub
    #   pooch
    #   spacy
    #   transformers
    #   weasel
rich==14.3.3
    # via typer
safetensors==0.7.0
    # via transformers
scikit-learn==1.8.0
    # via librosa
scipy==1.17.1
    # via
    #   coqui-tts
    #   librosa
    #   scikit-learn
setuptools==82.0.1
    # via
    #   spacy
    #   tensorboard
    #   thinc
    #   torch
shellingham==1.5.4
    # via typer
six==1.17.0
    # via
    #   jsonlines
    #   python-dateutil
smart-open==7.5.1
    # via weasel
soundfile==0.13.1
    # via
    #   coqui-tts
    #   coqui-tts-trainer
    #   librosa
soxr==1.0.0
    # via librosa
spacy==3.7.5
    # via coqui-tts
spacy-legacy==3.0.12
    # via spacy
spacy-loggers==1.0.5
    # via spacy
srsly==2.5.3
    # via
    #   confection
    #   spacy
    #   thinc
    #   weasel
standard-aifc==3.13.0 ; python_full_version >= '3.13'
    # via
    #   audioread
    #   librosa
standard-chunk==3.13.0 ; python_full_version >= '3.13'
    # via standard-aifc
standard-sunau==3.13.0 ; python_full_version >= '3.13'
    # via
    #   audioread
    #   librosa
starlette==0.38.6
    # via fastapi
sudachidict-core==20260116
    # via spacy
sudachipy==0.6.10
    # via
    #   spacy
    #   sudachidict-core
sympy==1.13.1
    # via torch
tensorboard==2.20.0
    # via coqui-tts-trainer
tensorboard-data-server==0.7.2
    # via tensorboard
thinc==8.2.5
    # via spacy
threadpoolctl==3.6.0
    # via scikit-learn
tokenizers==0.19.1
    # via transformers
torch==2.5.1
    # via
    #   -r services/tts-service/requirements.txt
    #   coqui-tts
    #   coqui-tts-trainer
    #   encodec
torchaudio==2.5.1
    # via
    #   coqui-tts
    #   encodec
tqdm==4.67.3
    # via
    #   coqui-tts
    #   huggingface-hub
    #   spacy
    #   transformers
transformers==4.42.4
    # via coqui-tts
triton==3.1.0 ; python_full_version < '3.13' and platform_machine == 'x86_64' and sys_platform == 'linux'
    # via torch
typeguard==4.5.1
    # via inflect
typer==0.24.1
    # via
    #   spacy
    #   typer-slim
typer-slim==0.24.0
    # via weasel
typing-extensions==4.15.0
    # via
    #   aiosignal
    #   anyio
    #   fastapi
    #   grpcio
    #   huggingface-hub
    #   librosa
    #   pydantic
    #   pydantic-core
    #   torch
    #   typeguard
    #   typing-inspection
typing-inspection==0.4.2
    # via pydantic
tzdata==2026.1 ; sys_platform == 'win32'
    # via tzlocal
tzlocal==5.3.1
    # via dateparser
urllib3==2.6.3
    # via requests
uvicorn==0.30.0
    # via -r services/tts-service/requirements.txt
uvloop==0.22.1 ; platform_python_implementation != 'PyPy' and sys_platform != 'cygwin' and sys_platform != 'win32'
    # via uvicorn
wasabi==1.1.3
    # via
    #   spacy
    #   thinc
    #   weasel
watchfiles==1.1.1
    # via uvicorn
weasel==0.4.3
    # via spacy
websockets==16.0
    # via uvicorn
werkzeug==3.1.8
    # via tensorboard
wrapt==2.1.2
    # via smart-open
yarl==1.23.0
    # via aiohttp
